
Microsoft Visual Studio Solution File, Format Version 12.00
# Visual Studio Version 17
VisualStudioVersion = 17.2.32516.85
MinimumVisualStudioVersion = 10.0.40219.1
Project("{FAE04EC0-301F-11D3-BF4B-00C04F79EFBC}") = "WebApplication2", "WebApplication2\WebApplication2.csproj", "{DAAD78FF-B668-4003-803B-5C40CB4FE1F0}"
EndProject
Global
	GlobalSection(SolutionConfigurationPlatforms) = preSolution
		Debug|Any CPU = Debug|Any CPU
		Release|Any CPU = Release|Any CPU
	EndGlobalSection
	GlobalSection(ProjectConfigurationPlatforms) = postSolution
		{DAAD78FF-B668-4003-803B-5C40CB4FE1F0}.Debug|Any CPU.ActiveCfg = Debug|Any CPU
		{DAAD78FF-B668-4003-803B-5C40CB4FE1F0}.Debug|Any CPU.Build.0 = Debug|Any CPU
		{DAAD78FF-B668-4003-803B-5C40CB4FE1F0}.Release|Any CPU.ActiveCfg = Release|Any CPU
		{DAAD78FF-B668-4003-803B-5C40CB4FE1F0}.Release|Any CPU.Build.0 = Release|Any CPU
	EndGlobalSection
	GlobalSection(SolutionProperties) = preSolution
		HideSolutionNode = FALSE
	EndGlobalSection
	GlobalSection(ExtensibilityGlobals) = postSolution
		SolutionGuid = {6A43D9A0-F57E-4D36-86A1-0AA1A078D04F}
	EndGlobalSection
EndGlobal
